
Microsoft Visual Studio Solution File, Format Version 12.00
# Visual Studio Version 16
VisualStudioVersion = 16.0.30011.22
MinimumVisualStudioVersion = 10.0.40219.1
Project("{FAE04EC0-301F-11D3-BF4B-00C04F79EFBC}") = "WebApplicationC", "WebApplicationC\WebApplicationC.csproj", "{4906F3B8-56E1-4FE6-BDA3-958A4AFA2543}"
EndProject
Global
	GlobalSection(SolutionConfigurationPlatforms) = preSolution
		Debug|Any CPU = Debug|Any CPU
		Release|Any CPU = Release|Any CPU
	EndGlobalSection
	GlobalSection(ProjectConfigurationPlatforms) = postSolution
		{4906F3B8-56E1-4FE6-BDA3-958A4AFA2543}.Debug|Any CPU.ActiveCfg = Debug|Any CPU
		{4906F3B8-56E1-4FE6-BDA3-958A4AFA2543}.Debug|Any CPU.Build.0 = Debug|Any CPU
		{4906F3B8-56E1-4FE6-BDA3-958A4AFA2543}.Release|Any CPU.ActiveCfg = Release|Any CPU
		{4906F3B8-56E1-4FE6-BDA3-958A4AFA2543}.Release|Any CPU.Build.0 = Release|Any CPU
	EndGlobalSection
	GlobalSection(SolutionProperties) = preSolution
		HideSolutionNode = FALSE
	EndGlobalSection
	GlobalSection(ExtensibilityGlobals) = postSolution
		SolutionGuid = {5AAC69E2-FE76-44A1-BDA8-4249683FC18E}
	EndGlobalSection
EndGlobal
